
Microsoft Visual Studio Solution File, Format Version 12.00
# Visual Studio Version 17
VisualStudioVersion = 17.2.32526.322
MinimumVisualStudioVersion = 10.0.40219.1
Project("{2150E333-8FDC-42A3-9474-1A3956D46DE8}") = "src", "src", "{1EC25820-C693-42FE-8F43-74EA524C8DC9}"
EndProject
Project("{9A19103F-16F7-4668-BE54-9A1E7A4F7556}") = "EventBus.Storage.Mysql", "src\EventBus.Storage.Mysql\EventBus.Storage.Mysql.csproj", "{7424CCF9-CBE1-45D5-AA1C-D67A1868C745}"
EndProject
Project("{2150E333-8FDC-42A3-9474-1A3956D46DE8}") = "Storage", "Storage", "{0162827A-2A6E-4179-84B2-7FF4533F68D3}"
EndProject
Project("{9A19103F-16F7-4668-BE54-9A1E7A4F7556}") = "EventBus.Storage.MongoDB", "src\EventBus.Storage.MongoDB\EventBus.Storage.MongoDB.csproj", "{32C6261C-4D92-4DC3-B9D8-0239E7D3ECC2}"
EndProject
Project("{9A19103F-16F7-4668-BE54-9A1E7A4F7556}") = "EventBus.Storage.Abstractions", "src\EventBus.Storage.Abstractions\EventBus.Storage.Abstractions.csproj", "{C07F5AF7-452C-4355-8B6D-328E83D403A2}"
EndProject
Project("{2150E333-8FDC-42A3-9474-1A3956D46DE8}") = "test", "test", "{202EF7E5-9B1F-4628-8A53-00690B6959B1}"
EndProject
Project("{9A19103F-16F7-4668-BE54-9A1E7A4F7556}") = "EventBus.Abstractions", "src\EventBus.Abstractions\EventBus.Abstractions.csproj", "{53165C56-FF5C-4EAB-986D-EDB38619CA38}"
EndProject
Project("{9A19103F-16F7-4668-BE54-9A1E7A4F7556}") = "EventBus.Core", "src\EventBus.Core\EventBus.Core.csproj", "{21E025DB-E4F3-4520-A855-A880A2327A96}"
EndProject
Project("{9A19103F-16F7-4668-BE54-9A1E7A4F7556}") = "EventBus.Extensions", "src\EventBus.Extensions\EventBus.Extensions.csproj", "{3FE8823A-025A-416A-83C0-23AD5EEB9B36}"
EndProject
Project("{9A19103F-16F7-4668-BE54-9A1E7A4F7556}") = "EventBus.API", "src\EventBus.API\EventBus.API.csproj", "{4C55DC0A-5D07-4D6C-A094-A1A5DB5D25B9}"
EndProject
Project("{9A19103F-16F7-4668-BE54-9A1E7A4F7556}") = "EventBus.Application", "src\EventBus.Application\EventBus.Application.csproj", "{A84D9208-3492-4095-9C51-0550D1F0FCE5}"
EndProject
Project("{FAE04EC0-301F-11D3-BF4B-00C04F79EFBC}") = "EventBus.Storage.SqlServer", "src\EventBus.Storage.SqlServer\EventBus.Storage.SqlServer.csproj", "{A9269D49-7C80-43F7-AD3B-062EEE160DBB}"
EndProject
Project("{FAE04EC0-301F-11D3-BF4B-00C04F79EFBC}") = "EventBus.Storage.Sqlite", "src\EventBus.Storage.Sqlite\EventBus.Storage.Sqlite.csproj", "{549B5968-D930-45AA-ADE0-93882B786C54}"
EndProject
Global
	GlobalSection(SolutionConfigurationPlatforms) = preSolution
		Debug|Any CPU = Debug|Any CPU
		Release|Any CPU = Release|Any CPU
	EndGlobalSection
	GlobalSection(ProjectConfigurationPlatforms) = postSolution
		{7424CCF9-CBE1-45D5-AA1C-D67A1868C745}.Debug|Any CPU.ActiveCfg = Debug|Any CPU
		{7424CCF9-CBE1-45D5-AA1C-D67A1868C745}.Debug|Any CPU.Build.0 = Debug|Any CPU
		{7424CCF9-CBE1-45D5-AA1C-D67A1868C745}.Release|Any CPU.ActiveCfg = Release|Any CPU
		{7424CCF9-CBE1-45D5-AA1C-D67A1868C745}.Release|Any CPU.Build.0 = Release|Any CPU
		{32C6261C-4D92-4DC3-B9D8-0239E7D3ECC2}.Debug|Any CPU.ActiveCfg = Debug|Any CPU
		{32C6261C-4D92-4DC3-B9D8-0239E7D3ECC2}.Debug|Any CPU.Build.0 = Debug|Any CPU
		{32C6261C-4D92-4DC3-B9D8-0239E7D3ECC2}.Release|Any CPU.ActiveCfg = Release|Any CPU
		{32C6261C-4D92-4DC3-B9D8-0239E7D3ECC2}.Release|Any CPU.Build.0 = Release|Any CPU
		{C07F5AF7-452C-4355-8B6D-328E83D403A2}.Debug|Any CPU.ActiveCfg = Debug|Any CPU
		{C07F5AF7-452C-4355-8B6D-328E83D403A2}.Debug|Any CPU.Build.0 = Debug|Any CPU
		{C07F5AF7-452C-4355-8B6D-328E83D403A2}.Release|Any CPU.ActiveCfg = Release|Any CPU
		{C07F5AF7-452C-4355-8B6D-328E83D403A2}.Release|Any CPU.Build.0 = Release|Any CPU
		{53165C56-FF5C-4EAB-986D-EDB38619CA38}.Debug|Any CPU.ActiveCfg = Debug|Any CPU
		{53165C56-FF5C-4EAB-986D-EDB38619CA38}.Debug|Any CPU.Build.0 = Debug|Any CPU
		{53165C56-FF5C-4EAB-986D-EDB38619CA38}.Release|Any CPU.ActiveCfg = Release|Any CPU
		{53165C56-FF5C-4EAB-986D-EDB38619CA38}.Release|Any CPU.Build.0 = Release|Any CPU
		{21E025DB-E4F3-4520-A855-A880A2327A96}.Debug|Any CPU.ActiveCfg = Debug|Any CPU
		{21E025DB-E4F3-4520-A855-A880A2327A96}.Debug|Any CPU.Build.0 = Debug|Any CPU
		{21E025DB-E4F3-4520-A855-A880A2327A96}.Release|Any CPU.ActiveCfg = Release|Any CPU
		{21E025DB-E4F3-4520-A855-A880A2327A96}.Release|Any CPU.Build.0 = Release|Any CPU
		{3FE8823A-025A-416A-83C0-23AD5EEB9B36}.Debug|Any CPU.ActiveCfg = Debug|Any CPU
		{3FE8823A-025A-416A-83C0-23AD5EEB9B36}.Debug|Any CPU.Build.0 = Debug|Any CPU
		{3FE8823A-025A-416A-83C0-23AD5EEB9B36}.Release|Any CPU.ActiveCfg = Release|Any CPU
		{3FE8823A-025A-416A-83C0-23AD5EEB9B36}.Release|Any CPU.Build.0 = Release|Any CPU
		{4C55DC0A-5D07-4D6C-A094-A1A5DB5D25B9}.Debug|Any CPU.ActiveCfg = Debug|Any CPU
		{4C55DC0A-5D07-4D6C-A094-A1A5DB5D25B9}.Debug|Any CPU.Build.0 = Debug|Any CPU
		{4C55DC0A-5D07-4D6C-A094-A1A5DB5D25B9}.Release|Any CPU.ActiveCfg = Release|Any CPU
		{4C55DC0A-5D07-4D6C-A094-A1A5DB5D25B9}.Release|Any CPU.Build.0 = Release|Any CPU
		{A84D9208-3492-4095-9C51-0550D1F0FCE5}.Debug|Any CPU.ActiveCfg = Debug|Any CPU
		{A84D9208-3492-4095-9C51-0550D1F0FCE5}.Debug|Any CPU.Build.0 = Debug|Any CPU
		{A84D9208-3492-4095-9C51-0550D1F0FCE5}.Release|Any CPU.ActiveCfg = Release|Any CPU
		{A84D9208-3492-4095-9C51-0550D1F0FCE5}.Release|Any CPU.Build.0 = Release|Any CPU
		{A9269D49-7C80-43F7-AD3B-062EEE160DBB}.Debug|Any CPU.ActiveCfg = Debug|Any CPU
		{A9269D49-7C80-43F7-AD3B-062EEE160DBB}.Debug|Any CPU.Build.0 = Debug|Any CPU
		{A9269D49-7C80-43F7-AD3B-062EEE160DBB}.Release|Any CPU.ActiveCfg = Release|Any CPU
		{A9269D49-7C80-43F7-AD3B-062EEE160DBB}.Release|Any CPU.Build.0 = Release|Any CPU
		{549B5968-D930-45AA-ADE0-93882B786C54}.Debug|Any CPU.ActiveCfg = Debug|Any CPU
		{549B5968-D930-45AA-ADE0-93882B786C54}.Debug|Any CPU.Build.0 = Debug|Any CPU
		{549B5968-D930-45AA-ADE0-93882B786C54}.Release|Any CPU.ActiveCfg = Release|Any CPU
		{549B5968-D930-45AA-ADE0-93882B786C54}.Release|Any CPU.Build.0 = Release|Any CPU
	EndGlobalSection
	GlobalSection(SolutionProperties) = preSolution
		HideSolutionNode = FALSE
	EndGlobalSection
	GlobalSection(NestedProjects) = preSolution
		{7424CCF9-CBE1-45D5-AA1C-D67A1868C745} = {0162827A-2A6E-4179-84B2-7FF4533F68D3}
		{0162827A-2A6E-4179-84B2-7FF4533F68D3} = {1EC25820-C693-42FE-8F43-74EA524C8DC9}
		{32C6261C-4D92-4DC3-B9D8-0239E7D3ECC2} = {0162827A-2A6E-4179-84B2-7FF4533F68D3}
		{C07F5AF7-452C-4355-8B6D-328E83D403A2} = {0162827A-2A6E-4179-84B2-7FF4533F68D3}
		{53165C56-FF5C-4EAB-986D-EDB38619CA38} = {1EC25820-C693-42FE-8F43-74EA524C8DC9}
		{21E025DB-E4F3-4520-A855-A880A2327A96} = {1EC25820-C693-42FE-8F43-74EA524C8DC9}
		{3FE8823A-025A-416A-83C0-23AD5EEB9B36} = {1EC25820-C693-42FE-8F43-74EA524C8DC9}
		{4C55DC0A-5D07-4D6C-A094-A1A5DB5D25B9} = {1EC25820-C693-42FE-8F43-74EA524C8DC9}
		{A84D9208-3492-4095-9C51-0550D1F0FCE5} = {1EC25820-C693-42FE-8F43-74EA524C8DC9}
		{A9269D49-7C80-43F7-AD3B-062EEE160DBB} = {0162827A-2A6E-4179-84B2-7FF4533F68D3}
		{549B5968-D930-45AA-ADE0-93882B786C54} = {0162827A-2A6E-4179-84B2-7FF4533F68D3}
	EndGlobalSection
	GlobalSection(ExtensibilityGlobals) = postSolution
		SolutionGuid = {9980892C-3780-4B33-957A-6DF2822645CC}
	EndGlobalSection
EndGlobal
